PODS:
  - ConsentViewController (5.2.0)

DEPENDENCIES:
  - ConsentViewController (from `../ios-cmp-app`)

EXTERNAL SOURCES:
  ConsentViewController:
    :path: "../ios-cmp-app"

SPEC CHECKSUMS:
  ConsentViewController: 0fbfa46ebe7ed76b6f8d92294af26baf46c319bb

PODFILE CHECKSUM: 53073f8756b24ad08d7ec5c5fa664e568ada13c7

COCOAPODS: 1.9.1
