PODS:
  - ConsentViewController (4.0.0)

DEPENDENCIES:
  - ConsentViewController (from `../ios-cmp-app`)

EXTERNAL SOURCES:
  ConsentViewController:
    :path: "../ios-cmp-app"

SPEC CHECKSUMS:
  ConsentViewController: 6d84c95cbeaafc68bd2c05799150b0b77c58627e

PODFILE CHECKSUM: 0fddc47548b34c62b3b2b5f85e784f2c73175af3

COCOAPODS: 1.8.4
